
Microsoft Visual Studio Solution File, Format Version 12.00
# Visual Studio 15
VisualStudioVersion = 15.0.28307.329
MinimumVisualStudioVersion = 10.0.40219.1
Project("{9A19103F-16F7-4668-BE54-9A1E7A4F7556}") = "Works", "Works\Works.csproj", "{EB093013-2907-4DDF-B8C8-5F5DF3119D19}"
EndProject
Project("{9A19103F-16F7-4668-BE54-9A1E7A4F7556}") = "UnitTest_Works", "..\UnitTest_Works\UnitTest_Works\UnitTest_Works.csproj", "{CFC1E139-8820-4866-A8AF-7A0E109ED3A8}"
EndProject
Global
	GlobalSection(SolutionConfigurationPlatforms) = preSolution
		Debug|Any CPU = Debug|Any CPU
		Release|Any CPU = Release|Any CPU
	EndGlobalSection
	GlobalSection(ProjectConfigurationPlatforms) = postSolution
		{EB093013-2907-4DDF-B8C8-5F5DF3119D19}.Debug|Any CPU.ActiveCfg = Debug|Any CPU
		{EB093013-2907-4DDF-B8C8-5F5DF3119D19}.Debug|Any CPU.Build.0 = Debug|Any CPU
		{EB093013-2907-4DDF-B8C8-5F5DF3119D19}.Release|Any CPU.ActiveCfg = Release|Any CPU
		{EB093013-2907-4DDF-B8C8-5F5DF3119D19}.Release|Any CPU.Build.0 = Release|Any CPU
		{CFC1E139-8820-4866-A8AF-7A0E109ED3A8}.Debug|Any CPU.ActiveCfg = Debug|Any CPU
		{CFC1E139-8820-4866-A8AF-7A0E109ED3A8}.Debug|Any CPU.Build.0 = Debug|Any CPU
		{CFC1E139-8820-4866-A8AF-7A0E109ED3A8}.Release|Any CPU.ActiveCfg = Release|Any CPU
		{CFC1E139-8820-4866-A8AF-7A0E109ED3A8}.Release|Any CPU.Build.0 = Release|Any CPU
	EndGlobalSection
	GlobalSection(SolutionProperties) = preSolution
		HideSolutionNode = FALSE
	EndGlobalSection
	GlobalSection(ExtensibilityGlobals) = postSolution
		SolutionGuid = {9AA55085-3898-4C6B-8BBE-8C348854F569}
	EndGlobalSection
EndGlobal
